// !$*UTF8*$!
{
	archiveVersion = 1;
	classes = {
	};
	objectVersion = 52;
	objects = {

/* Begin PBXBuildFile section */
		A719C9BF25334BE100E367DD /* RealmWriteIssueApp.swift in Sources */ = {isa = PBXBuildFile; fileRef = A719C9BE25334BE100E367DD /* RealmWriteIssueApp.swift */; };
		A719C9C125334BE100E367DD /* ContentView.swift in Sources */ = {isa = PBXBuildFile; fileRef = A719C9C025334BE100E367DD /* ContentView.swift */; };
		A719C9C325334BE300E367DD /* Assets.xcassets in Resources */ = {isa = PBXBuildFile; fileRef = A719C9C225334BE300E367DD /* Assets.xcassets */; };
		A719C9C625334BE300E367DD /* Preview Assets.xcassets in Resources */ = {isa = PBXBuildFile; fileRef = A719C9C525334BE300E367DD /* Preview Assets.xcassets */; };
		A719C9D025334DB500E367DD /* Realm in Frameworks */ = {isa = PBXBuildFile; productRef = A719C9CF25334DB500E367DD /* Realm */; };
		A719C9D225334DB500E367DD /* RealmSwift in Frameworks */ = {isa = PBXBuildFile; productRef = A719C9D125334DB500E367DD /* RealmSwift */; };
		A719C9D52533522400E367DD /* Note.swift in Sources */ = {isa = PBXBuildFile; fileRef = A719C9D42533522400E367DD /* Note.swift */; };
		A719C9D82533527800E367DD /* NoteModel.swift in Sources */ = {isa = PBXBuildFile; fileRef = A719C9D72533527800E367DD /* NoteModel.swift */; };
/* End PBXBuildFile section */

/* Begin PBXFileReference section */
		A719C9BB25334BE100E367DD /* RealmWriteIssue.app */ = {isa = PBXFileReference; explicitFileType = wrapper.application; includeInIndex = 0; path = RealmWriteIssue.app; sourceTree = BUILT_PRODUCTS_DIR; };
		A719C9BE25334BE100E367DD /* RealmWriteIssueApp.swift */ = {isa = PBXFileReference; lastKnownFileType = sourcecode.swift; path = RealmWriteIssueApp.swift; sourceTree = "<group>"; };
		A719C9C025334BE100E367DD /* ContentView.swift */ = {isa = PBXFileReference; lastKnownFileType = sourcecode.swift; path = ContentView.swift; sourceTree = "<group>"; };
		A719C9C225334BE300E367DD /* Assets.xcassets */ = {isa = PBXFileReference; lastKnownFileType = folder.assetcatalog; path = Assets.xcassets; sourceTree = "<group>"; };
		A719C9C525334BE300E367DD /* Preview Assets.xcassets */ = {isa = PBXFileReference; lastKnownFileType = folder.assetcatalog; path = "Preview Assets.xcassets"; sourceTree = "<group>"; };
		A719C9C725334BE300E367DD /* Info.plist */ = {isa = PBXFileReference; lastKnownFileType = text.plist.xml; path = Info.plist; sourceTree = "<group>"; };
		A719C9D42533522400E367DD /* Note.swift */ = {isa = PBXFileReference; lastKnownFileType = sourcecode.swift; path = Note.swift; sourceTree = "<group>"; };
		A719C9D72533527800E367DD /* NoteModel.swift */ = {isa = PBXFileReference; lastKnownFileType = sourcecode.swift; path = NoteModel.swift; sourceTree = "<group>"; };
/* End PBXFileReference section */

/* Begin PBXFrameworksBuildPhase section */
		A719C9B825334BE100E367DD /* Frameworks */ = {
			isa = PBXFrameworksBuildPhase;
			buildActionMask = 2147483647;
			files = (
				A719C9D225334DB500E367DD /* RealmSwift in Frameworks */,
				A719C9D025334DB500E367DD /* Realm in Frameworks */,
			);
			runOnlyForDeploymentPostprocessing = 0;
		};
/* End PBXFrameworksBuildPhase section */

/* Begin PBXGroup section */
		A719C9B225334BE100E367DD = {
			isa = PBXGroup;
			children = (
				A719C9BD25334BE100E367DD /* RealmWriteIssue */,
				A719C9BC25334BE100E367DD /* Products */,
			);
			sourceTree = "<group>";
		};
		A719C9BC25334BE100E367DD /* Products */ = {
			isa = PBXGroup;
			children = (
				A719C9BB25334BE100E367DD /* RealmWriteIssue.app */,
			);
			name = Products;
			sourceTree = "<group>";
		};
		A719C9BD25334BE100E367DD /* RealmWriteIssue */ = {
			isa = PBXGroup;
			children = (
				A719C9BE25334BE100E367DD /* RealmWriteIssueApp.swift */,
				A719C9C025334BE100E367DD /* ContentView.swift */,
				A719C9D42533522400E367DD /* Note.swift */,
				A719C9D72533527800E367DD /* NoteModel.swift */,
				A719C9C225334BE300E367DD /* Assets.xcassets */,
				A719C9C725334BE300E367DD /* Info.plist */,
				A719C9C425334BE300E367DD /* Preview Content */,
			);
			path = RealmWriteIssue;
			sourceTree = "<group>";
		};
		A719C9C425334BE300E367DD /* Preview Content */ = {
			isa = PBXGroup;
			children = (
				A719C9C525334BE300E367DD /* Preview Assets.xcassets */,
			);
			path = "Preview Content";
			sourceTree = "<group>";
		};
/* End PBXGroup section */

/* Begin PBXNativeTarget section */
		A719C9BA25334BE100E367DD /* RealmWriteIssue */ = {
			isa = PBXNativeTarget;
			buildConfigurationList = A719C9CA25334BE300E367DD /* Build configuration list for PBXNativeTarget "RealmWriteIssue" */;
			buildPhases = (
				A719C9B725334BE100E367DD /* Sources */,
				A719C9B825334BE100E367DD /* Frameworks */,
				A719C9B925334BE100E367DD /* Resources */,
			);
			buildRules = (
			);
			dependencies = (
			);
			name = RealmWriteIssue;
			packageProductDependencies = (
				A719C9CF25334DB500E367DD /* Realm */,
				A719C9D125334DB500E367DD /* RealmSwift */,
			);
			productName = RealmWriteIssue;
			productReference = A719C9BB25334BE100E367DD /* RealmWriteIssue.app */;
			productType = "com.apple.product-type.application";
		};
/* End PBXNativeTarget section */

/* Begin PBXProject section */
		A719C9B325334BE100E367DD /* Project object */ = {
			isa = PBXProject;
			attributes = {
				LastSwiftUpdateCheck = 1200;
				LastUpgradeCheck = 1200;
				TargetAttributes = {
					A719C9BA25334BE100E367DD = {
						CreatedOnToolsVersion = 12.0.1;
					};
				};
			};
			buildConfigurationList = A719C9B625334BE100E367DD /* Build configuration list for PBXProject "RealmWriteIssue" */;
			compatibilityVersion = "Xcode 9.3";
			developmentRegion = en;
			hasScannedForEncodings = 0;
			knownRegions = (
				en,
				Base,
			);
			mainGroup = A719C9B225334BE100E367DD;
			packageReferences = (
				A719C9CE25334DB500E367DD /* XCRemoteSwiftPackageReference "realm-cocoa" */,
			);
			productRefGroup = A719C9BC25334BE100E367DD /* Products */;
			projectDirPath = "";
			projectRoot = "";
			targets = (
				A719C9BA25334BE100E367DD /* RealmWriteIssue */,
			);
		};
/* End PBXProject section */

/* Begin PBXResourcesBuildPhase section */
		A719C9B925334BE100E367DD /* Resources */ = {
			isa = PBXResourcesBuildPhase;
			buildActionMask = 2147483647;
			files = (
				A719C9C625334BE300E367DD /* Preview Assets.xcassets in Resources */,
				A719C9C325334BE300E367DD /* Assets.xcassets in Resources */,
			);
			runOnlyForDeploymentPostprocessing = 0;
		};
/* End PBXResourcesBuildPhase section */

/* Begin PBXSourcesBuildPhase section */
		A719C9B725334BE100E367DD /* Sources */ = {
			isa = PBXSourcesBuildPhase;
			buildActionMask = 2147483647;
			files = (
				A719C9C125334BE100E367DD /* ContentView.swift in Sources */,
				A719C9D82533527800E367DD /* NoteModel.swift in Sources */,
				A719C9BF25334BE100E367DD /* RealmWriteIssueApp.swift in Sources */,
				A719C9D52533522400E367DD /* Note.swift in Sources */,
			);
			runOnlyForDeploymentPostprocessing = 0;
		};
/* End PBXSourcesBuildPhase section */

/* Begin XCBuildConfiguration section */
		A719C9C825334BE300E367DD /* Debug */ = {
			isa = XCBuildConfiguration;
			buildSettings = {
				ALWAYS_SEARCH_USER_PATHS = NO;
				CLANG_ANALYZER_NONNULL = YES;
				CLANG_ANALYZER_NUMBER_OBJECT_CONVERSION = YES_AGGRESSIVE;
				CLANG_CXX_LANGUAGE_STANDARD = "gnu++14";
				CLANG_CXX_LIBRARY = "libc++";
				CLANG_ENABLE_MODULES = YES;
				CLANG_ENABLE_OBJC_ARC = YES;
				CLANG_ENABLE_OBJC_WEAK = YES;
				CLANG_WARN_BLOCK_CAPTURE_AUTORELEASING = YES;
				CLANG_WARN_BOOL_CONVERSION = YES;
				CLANG_WARN_COMMA = YES;
				CLANG_WARN_CONSTANT_CONVERSION = YES;
				CLANG_WARN_DEPRECATED_OBJC_IMPLEMENTATIONS = YES;
				CLANG_WARN_DIRECT_OBJC_ISA_USAGE = YES_ERROR;
				CLANG_WARN_DOCUMENTATION_COMMENTS = YES;
				CLANG_WARN_EMPTY_BODY = YES;
				CLANG_WARN_ENUM_CONVERSION = YES;
				CLANG_WARN_INFINITE_RECURSION = YES;
				CLANG_WARN_INT_CONVERSION = YES;
				CLANG_WARN_NON_LITERAL_NULL_CONVERSION = YES;
				CLANG_WARN_OBJC_IMPLICIT_RETAIN_SELF = YES;
				CLANG_WARN_OBJC_LITERAL_CONVERSION = YES;
				CLANG_WARN_OBJC_ROOT_CLASS = YES_ERROR;
				CLANG_WARN_QUOTED_INCLUDE_IN_FRAMEWORK_HEADER = YES;
				CLANG_WARN_RANGE_LOOP_ANALYSIS = YES;
				CLANG_WARN_STRICT_PROTOTYPES = YES;
				CLANG_WARN_SUSPICIOUS_MOVE = YES;
				CLANG_WARN_UNGUARDED_AVAILABILITY = YES_AGGRESSIVE;
				CLANG_WARN_UNREACHABLE_CODE = YES;
				CLANG_WARN__DUPLICATE_METHOD_MATCH = YES;
				COPY_PHASE_STRIP = NO;
				DEBUG_INFORMATION_FORMAT = dwarf;
				ENABLE_STRICT_OBJC_MSGSEND = YES;
				ENABLE_TESTABILITY = YES;
				GCC_C_LANGUAGE_STANDARD = gnu11;
				GCC_DYNAMIC_NO_PIC = NO;
				GCC_NO_COMMON_BLOCKS = YES;
				GCC_OPTIMIZATION_LEVEL = 0;
				GCC_PREPROCESSOR_DEFINITIONS = (
					"DEBUG=1",
					"$(inherited)",
				);
				GCC_WARN_64_TO_32_BIT_CONVERSION = YES;
				GCC_WARN_ABOUT_RETURN_TYPE = YES_ERROR;
				GCC_WARN_UNDECLARED_SELECTOR = YES;
				GCC_WARN_UNINITIALIZED_AUTOS = YES_AGGRESSIVE;
				GCC_WARN_UNUSED_FUNCTION = YES;
				GCC_WARN_UNUSED_VARIABLE = YES;
				IPHONEOS_DEPLOYMENT_TARGET = 14.0;
				MTL_ENABLE_DEBUG_INFO = INCLUDE_SOURCE;
				MTL_FAST_MATH = YES;
				ONLY_ACTIVE_ARCH = YES;
				SDKROOT = iphoneos;
				SWIFT_ACTIVE_COMPILATION_CONDITIONS = DEBUG;
				SWIFT_OPTIMIZATION_LEVEL = "-Onone";
			};
			name = Debug;
		};
		A719C9C925334BE300E367DD /* Release */ = {
			isa = XCBuildConfiguration;
			buildSettings = {
				ALWAYS_SEARCH_USER_PATHS = NO;
				CLANG_ANALYZER_NONNULL = YES;
				CLANG_ANALYZER_NUMBER_OBJECT_CONVERSION = YES_AGGRESSIVE;
				CLANG_CXX_LANGUAGE_STANDARD = "gnu++14";
				CLANG_CXX_LIBRARY = "libc++";
				CLANG_ENABLE_MODULES = YES;
				CLANG_ENABLE_OBJC_ARC = YES;
				CLANG_ENABLE_OBJC_WEAK = YES;
				CLANG_WARN_BLOCK_CAPTURE_AUTORELEASING = YES;
				CLANG_WARN_BOOL_CONVERSION = YES;
				CLANG_WARN_COMMA = YES;
				CLANG_WARN_CONSTANT_CONVERSION = YES;
				CLANG_WARN_DEPRECATED_OBJC_IMPLEMENTATIONS = YES;
				CLANG_WARN_DIRECT_OBJC_ISA_USAGE = YES_ERROR;
				CLANG_WARN_DOCUMENTATION_COMMENTS = YES;
				CLANG_WARN_EMPTY_BODY = YES;
				CLANG_WARN_ENUM_CONVERSION = YES;
				CLANG_WARN_INFINITE_RECURSION = YES;
				CLANG_WARN_INT_CONVERSION = YES;
				CLANG_WARN_NON_LITERAL_NULL_CONVERSION = YES;
				CLANG_WARN_OBJC_IMPLICIT_RETAIN_SELF = YES;
				CLANG_WARN_OBJC_LITERAL_CONVERSION = YES;
				CLANG_WARN_OBJC_ROOT_CLASS = YES_ERROR;
				CLANG_WARN_QUOTED_INCLUDE_IN_FRAMEWORK_HEADER = YES;
				CLANG_WARN_RANGE_LOOP_ANALYSIS = YES;
				CLANG_WARN_STRICT_PROTOTYPES = YES;
				CLANG_WARN_SUSPICIOUS_MOVE = YES;
				CLANG_WARN_UNGUARDED_AVAILABILITY = YES_AGGRESSIVE;
				CLANG_WARN_UNREACHABLE_CODE = YES;
				CLANG_WARN__DUPLICATE_METHOD_MATCH = YES;
				COPY_PHASE_STRIP = NO;
				DEBUG_INFORMATION_FORMAT = "dwarf-with-dsym";
				ENABLE_NS_ASSERTIONS = NO;
				ENABLE_STRICT_OBJC_MSGSEND = YES;
				GCC_C_LANGUAGE_STANDARD = gnu11;
				GCC_NO_COMMON_BLOCKS = YES;
				GCC_WARN_64_TO_32_BIT_CONVERSION = YES;
				GCC_WARN_ABOUT_RETURN_TYPE = YES_ERROR;
				GCC_WARN_UNDECLARED_SELECTOR = YES;
				GCC_WARN_UNINITIALIZED_AUTOS = YES_AGGRESSIVE;
				GCC_WARN_UNUSED_FUNCTION = YES;
				GCC_WARN_UNUSED_VARIABLE = YES;
				IPHONEOS_DEPLOYMENT_TARGET = 14.0;
				MTL_ENABLE_DEBUG_INFO = NO;
				MTL_FAST_MATH = YES;
				SDKROOT = iphoneos;
				SWIFT_COMPILATION_MODE = wholemodule;
				SWIFT_OPTIMIZATION_LEVEL = "-O";
				VALIDATE_PRODUCT = YES;
			};
			name = Release;
		};
		A719C9CB25334BE300E367DD /* Debug */ = {
			isa = XCBuildConfiguration;
			buildSettings = {
				ASSETCATALOG_COMPILER_APPICON_NAME = AppIcon;
				ASSETCATALOG_COMPILER_GLOBAL_ACCENT_COLOR_NAME = AccentColor;
				CODE_SIGN_STYLE = Automatic;
				DEVELOPMENT_ASSET_PATHS = "\"RealmWriteIssue/Preview Content\"";
				DEVELOPMENT_TEAM = 5L9YN3UDG5;
				ENABLE_PREVIEWS = YES;
				INFOPLIST_FILE = RealmWriteIssue/Info.plist;
				IPHONEOS_DEPLOYMENT_TARGET = 14.0;
				LD_RUNPATH_SEARCH_PATHS = (
					"$(inherited)",
					"@executable_path/Frameworks",
				);
				PRODUCT_BUNDLE_IDENTIFIER = com.scarter.RealmWriteIssue;
				PRODUCT_NAME = "$(TARGET_NAME)";
				SWIFT_VERSION = 5.0;
				TARGETED_DEVICE_FAMILY = "1,2";
			};
			name = Debug;
		};
		A719C9CC25334BE300E367DD /* Release */ = {
			isa = XCBuildConfiguration;
			buildSettings = {
				ASSETCATALOG_COMPILER_APPICON_NAME = AppIcon;
				ASSETCATALOG_COMPILER_GLOBAL_ACCENT_COLOR_NAME = AccentColor;
				CODE_SIGN_STYLE = Automatic;
				DEVELOPMENT_ASSET_PATHS = "\"RealmWriteIssue/Preview Content\"";
				DEVELOPMENT_TEAM = 5L9YN3UDG5;
				ENABLE_PREVIEWS = YES;
				INFOPLIST_FILE = RealmWriteIssue/Info.plist;
				IPHONEOS_DEPLOYMENT_TARGET = 14.0;
				LD_RUNPATH_SEARCH_PATHS = (
					"$(inherited)",
					"@executable_path/Frameworks",
				);
				PRODUCT_BUNDLE_IDENTIFIER = com.scarter.RealmWriteIssue;
				PRODUCT_NAME = "$(TARGET_NAME)";
				SWIFT_VERSION = 5.0;
				TARGETED_DEVICE_FAMILY = "1,2";
			};
			name = Release;
		};
/* End XCBuildConfiguration section */

/* Begin XCConfigurationList section */
		A719C9B625334BE100E367DD /* Build configuration list for PBXProject "RealmWriteIssue" */ = {
			isa = XCConfigurationList;
			buildConfigurations = (
				A719C9C825334BE300E367DD /* Debug */,
				A719C9C925334BE300E367DD /* Release */,
			);
			defaultConfigurationIsVisible = 0;
			defaultConfigurationName = Release;
		};
		A719C9CA25334BE300E367DD /* Build configuration list for PBXNativeTarget "RealmWriteIssue" */ = {
			isa = XCConfigurationList;
			buildConfigurations = (
				A719C9CB25334BE300E367DD /* Debug */,
				A719C9CC25334BE300E367DD /* Release */,
			);
			defaultConfigurationIsVisible = 0;
			defaultConfigurationName = Release;
		};
/* End XCConfigurationList section */

/* Begin XCRemoteSwiftPackageReference section */
		A719C9CE25334DB500E367DD /* XCRemoteSwiftPackageReference "realm-cocoa" */ = {
			isa = XCRemoteSwiftPackageReference;
			repositoryURL = "https://github.com/realm/realm-cocoa.git";
			requirement = {
				kind = upToNextMajorVersion;
				minimumVersion = 5.4.8;
			};
		};
/* End XCRemoteSwiftPackageReference section */

/* Begin XCSwiftPackageProductDependency section */
		A719C9CF25334DB500E367DD /* Realm */ = {
			isa = XCSwiftPackageProductDependency;
			package = A719C9CE25334DB500E367DD /* XCRemoteSwiftPackageReference "realm-cocoa" */;
			productName = Realm;
		};
		A719C9D125334DB500E367DD /* RealmSwift */ = {
			isa = XCSwiftPackageProductDependency;
			package = A719C9CE25334DB500E367DD /* XCRemoteSwiftPackageReference "realm-cocoa" */;
			productName = RealmSwift;
		};
/* End XCSwiftPackageProductDependency section */
	};
	rootObject = A719C9B325334BE100E367DD /* Project object */;
}
